
Microsoft Visual Studio Solution File, Format Version 12.00
# Visual Studio Version 17
VisualStudioVersion = 17.4.33122.133
MinimumVisualStudioVersion = 10.0.40219.1
Project("{8BC9CEB8-8B4A-11D0-8D11-00A0C91BC942}") = "Print Statements", "Print Statements\Print Statements.vcxproj", "{AA3CE6FF-5429-48DB-96D7-FDE9EA204D41}"
EndProject
Project("{8BC9CEB8-8B4A-11D0-8D11-00A0C91BC942}") = "Loops and Conditionals", "Loops and Conditionals\Loops and Conditionals.vcxproj", "{1728DFE3-EF29-4566-81D6-424DC81E348F}"
EndProject
Project("{8BC9CEB8-8B4A-11D0-8D11-00A0C91BC942}") = "Booleans", "Booleans\Booleans.vcxproj", "{B3BA9323-552E-4F45-8069-C6BCB4588349}"
EndProject
Project("{8BC9CEB8-8B4A-11D0-8D11-00A0C91BC942}") = "Arrays of Characters", "Arrays of Characters\Arrays of Characters.vcxproj", "{94634030-3E40-4EBD-902F-4AD730560F40}"
EndProject
Project("{8BC9CEB8-8B4A-11D0-8D11-00A0C91BC942}") = "Linked Lists", "Linked Lists\Linked Lists.vcxproj", "{923AD0C2-42FF-49AE-AF6A-E828CE4D4DD1}"
EndProject
Project("{8BC9CEB8-8B4A-11D0-8D11-00A0C91BC942}") = "File IO", "File IO\File IO.vcxproj", "{9BB5FD3A-0C5E-4E90-B74E-DF47D9F3BC24}"
EndProject
Project("{8BC9CEB8-8B4A-11D0-8D11-00A0C91BC942}") = "Structure Arrays", "Structure Arrays\Structure Arrays.vcxproj", "{A3D8C53E-1C8F-4712-A3B0-B3EC2C477532}"
EndProject
Project("{8BC9CEB8-8B4A-11D0-8D11-00A0C91BC942}") = "Print Array in Reverse", "Print Array in Reverse\Print Array in Reverse.vcxproj", "{A40753AC-F3A6-4244-9D7A-A54072B2C18C}"
EndProject
Global
	GlobalSection(SolutionConfigurationPlatforms) = preSolution
		Debug|x64 = Debug|x64
		Debug|x86 = Debug|x86
		Release|x64 = Release|x64
		Release|x86 = Release|x86
	EndGlobalSection
	GlobalSection(ProjectConfigurationPlatforms) = postSolution
		{AA3CE6FF-5429-48DB-96D7-FDE9EA204D41}.Debug|x64.ActiveCfg = Debug|x64
		{AA3CE6FF-5429-48DB-96D7-FDE9EA204D41}.Debug|x64.Build.0 = Debug|x64
		{AA3CE6FF-5429-48DB-96D7-FDE9EA204D41}.Debug|x86.ActiveCfg = Debug|Win32
		{AA3CE6FF-5429-48DB-96D7-FDE9EA204D41}.Debug|x86.Build.0 = Debug|Win32
		{AA3CE6FF-5429-48DB-96D7-FDE9EA204D41}.Release|x64.ActiveCfg = Release|x64
		{AA3CE6FF-5429-48DB-96D7-FDE9EA204D41}.Release|x64.Build.0 = Release|x64
		{AA3CE6FF-5429-48DB-96D7-FDE9EA204D41}.Release|x86.ActiveCfg = Release|Win32
		{AA3CE6FF-5429-48DB-96D7-FDE9EA204D41}.Release|x86.Build.0 = Release|Win32
		{1728DFE3-EF29-4566-81D6-424DC81E348F}.Debug|x64.ActiveCfg = Debug|x64
		{1728DFE3-EF29-4566-81D6-424DC81E348F}.Debug|x64.Build.0 = Debug|x64
		{1728DFE3-EF29-4566-81D6-424DC81E348F}.Debug|x86.ActiveCfg = Debug|Win32
		{1728DFE3-EF29-4566-81D6-424DC81E348F}.Debug|x86.Build.0 = Debug|Win32
		{1728DFE3-EF29-4566-81D6-424DC81E348F}.Release|x64.ActiveCfg = Release|x64
		{1728DFE3-EF29-4566-81D6-424DC81E348F}.Release|x64.Build.0 = Release|x64
		{1728DFE3-EF29-4566-81D6-424DC81E348F}.Release|x86.ActiveCfg = Release|Win32
		{1728DFE3-EF29-4566-81D6-424DC81E348F}.Release|x86.Build.0 = Release|Win32
		{B3BA9323-552E-4F45-8069-C6BCB4588349}.Debug|x64.ActiveCfg = Debug|x64
		{B3BA9323-552E-4F45-8069-C6BCB4588349}.Debug|x64.Build.0 = Debug|x64
		{B3BA9323-552E-4F45-8069-C6BCB4588349}.Debug|x86.ActiveCfg = Debug|Win32
		{B3BA9323-552E-4F45-8069-C6BCB4588349}.Debug|x86.Build.0 = Debug|Win32
		{B3BA9323-552E-4F45-8069-C6BCB4588349}.Release|x64.ActiveCfg = Release|x64
		{B3BA9323-552E-4F45-8069-C6BCB4588349}.Release|x64.Build.0 = Release|x64
		{B3BA9323-552E-4F45-8069-C6BCB4588349}.Release|x86.ActiveCfg = Release|Win32
		{B3BA9323-552E-4F45-8069-C6BCB4588349}.Release|x86.Build.0 = Release|Win32
		{94634030-3E40-4EBD-902F-4AD730560F40}.Debug|x64.ActiveCfg = Debug|x64
		{94634030-3E40-4EBD-902F-4AD730560F40}.Debug|x64.Build.0 = Debug|x64
		{94634030-3E40-4EBD-902F-4AD730560F40}.Debug|x86.ActiveCfg = Debug|Win32
		{94634030-3E40-4EBD-902F-4AD730560F40}.Debug|x86.Build.0 = Debug|Win32
		{94634030-3E40-4EBD-902F-4AD730560F40}.Release|x64.ActiveCfg = Release|x64
		{94634030-3E40-4EBD-902F-4AD730560F40}.Release|x64.Build.0 = Release|x64
		{94634030-3E40-4EBD-902F-4AD730560F40}.Release|x86.ActiveCfg = Release|Win32
		{94634030-3E40-4EBD-902F-4AD730560F40}.Release|x86.Build.0 = Release|Win32
		{923AD0C2-42FF-49AE-AF6A-E828CE4D4DD1}.Debug|x64.ActiveCfg = Debug|x64
		{923AD0C2-42FF-49AE-AF6A-E828CE4D4DD1}.Debug|x64.Build.0 = Debug|x64
		{923AD0C2-42FF-49AE-AF6A-E828CE4D4DD1}.Debug|x86.ActiveCfg = Debug|Win32
		{923AD0C2-42FF-49AE-AF6A-E828CE4D4DD1}.Debug|x86.Build.0 = Debug|Win32
		{923AD0C2-42FF-49AE-AF6A-E828CE4D4DD1}.Release|x64.ActiveCfg = Release|x64
		{923AD0C2-42FF-49AE-AF6A-E828CE4D4DD1}.Release|x64.Build.0 = Release|x64
		{923AD0C2-42FF-49AE-AF6A-E828CE4D4DD1}.Release|x86.ActiveCfg = Release|Win32
		{923AD0C2-42FF-49AE-AF6A-E828CE4D4DD1}.Release|x86.Build.0 = Release|Win32
		{9BB5FD3A-0C5E-4E90-B74E-DF47D9F3BC24}.Debug|x64.ActiveCfg = Debug|x64
		{9BB5FD3A-0C5E-4E90-B74E-DF47D9F3BC24}.Debug|x64.Build.0 = Debug|x64
		{9BB5FD3A-0C5E-4E90-B74E-DF47D9F3BC24}.Debug|x86.ActiveCfg = Debug|Win32
		{9BB5FD3A-0C5E-4E90-B74E-DF47D9F3BC24}.Debug|x86.Build.0 = Debug|Win32
		{9BB5FD3A-0C5E-4E90-B74E-DF47D9F3BC24}.Release|x64.ActiveCfg = Release|x64
		{9BB5FD3A-0C5E-4E90-B74E-DF47D9F3BC24}.Release|x64.Build.0 = Release|x64
		{9BB5FD3A-0C5E-4E90-B74E-DF47D9F3BC24}.Release|x86.ActiveCfg = Release|Win32
		{9BB5FD3A-0C5E-4E90-B74E-DF47D9F3BC24}.Release|x86.Build.0 = Release|Win32
		{A3D8C53E-1C8F-4712-A3B0-B3EC2C477532}.Debug|x64.ActiveCfg = Debug|x64
		{A3D8C53E-1C8F-4712-A3B0-B3EC2C477532}.Debug|x64.Build.0 = Debug|x64
		{A3D8C53E-1C8F-4712-A3B0-B3EC2C477532}.Debug|x86.ActiveCfg = Debug|Win32
		{A3D8C53E-1C8F-4712-A3B0-B3EC2C477532}.Debug|x86.Build.0 = Debug|Win32
		{A3D8C53E-1C8F-4712-A3B0-B3EC2C477532}.Release|x64.ActiveCfg = Release|x64
		{A3D8C53E-1C8F-4712-A3B0-B3EC2C477532}.Release|x64.Build.0 = Release|x64
		{A3D8C53E-1C8F-4712-A3B0-B3EC2C477532}.Release|x86.ActiveCfg = Release|Win32
		{A3D8C53E-1C8F-4712-A3B0-B3EC2C477532}.Release|x86.Build.0 = Release|Win32
		{A40753AC-F3A6-4244-9D7A-A54072B2C18C}.Debug|x64.ActiveCfg = Debug|x64
		{A40753AC-F3A6-4244-9D7A-A54072B2C18C}.Debug|x64.Build.0 = Debug|x64
		{A40753AC-F3A6-4244-9D7A-A54072B2C18C}.Debug|x86.ActiveCfg = Debug|Win32
		{A40753AC-F3A6-4244-9D7A-A54072B2C18C}.Debug|x86.Build.0 = Debug|Win32
		{A40753AC-F3A6-4244-9D7A-A54072B2C18C}.Release|x64.ActiveCfg = Release|x64
		{A40753AC-F3A6-4244-9D7A-A54072B2C18C}.Release|x64.Build.0 = Release|x64
		{A40753AC-F3A6-4244-9D7A-A54072B2C18C}.Release|x86.ActiveCfg = Release|Win32
		{A40753AC-F3A6-4244-9D7A-A54072B2C18C}.Release|x86.Build.0 = Release|Win32
	EndGlobalSection
	GlobalSection(SolutionProperties) = preSolution
		HideSolutionNode = FALSE
	EndGlobalSection
	GlobalSection(ExtensibilityGlobals) = postSolution
		SolutionGuid = {048DE187-39C2-4B02-93D3-6DB46FAB4DB2}
	EndGlobalSection
EndGlobal
